
Microsoft Visual Studio Solution File, Format Version 11.00
# Visual Studio 2010
Project("{E24C65DC-7377-472B-9ABA-BC803B73C61A}") = "ServoPayesh", ".", "{A35FBC27-A8C6-492F-BA6E-9818203AB16D}"
	ProjectSection(WebsiteProperties) = preProject
		TargetFrameworkMoniker = ".NETFramework,Version%3Dv4.0"
		Debug.AspNetCompiler.VirtualPath = "/ServoPayesh"
		Debug.AspNetCompiler.PhysicalPath = "..\ServoPayesh\"
		Debug.AspNetCompiler.TargetPath = "PrecompiledWeb\ServoPayesh\"
		Debug.AspNetCompiler.Updateable = "true"
		Debug.AspNetCompiler.ForceOverwrite = "true"
		Debug.AspNetCompiler.FixedNames = "false"
		Debug.AspNetCompiler.Debug = "True"
		Release.AspNetCompiler.VirtualPath = "/ServoPayesh"
		Release.AspNetCompiler.PhysicalPath = "..\ServoPayesh\"
		Release.AspNetCompiler.TargetPath = "PrecompiledWeb\ServoPayesh\"
		Release.AspNetCompiler.Updateable = "true"
		Release.AspNetCompiler.ForceOverwrite = "true"
		Release.AspNetCompiler.FixedNames = "false"
		Release.AspNetCompiler.Debug = "False"
		VWDPort = "33969"
		DefaultWebSiteLanguage = "Visual C#"
	EndProjectSection
EndProject
Global
	GlobalSection(SolutionConfigurationPlatforms) = preSolution
		Debug|Any CPU = Debug|Any CPU
	EndGlobalSection
	GlobalSection(ProjectConfigurationPlatforms) = postSolution
		{A35FBC27-A8C6-492F-BA6E-9818203AB16D}.Debug|Any CPU.ActiveCfg = Debug|Any CPU
		{A35FBC27-A8C6-492F-BA6E-9818203AB16D}.Debug|Any CPU.Build.0 = Debug|Any CPU
	EndGlobalSection
	GlobalSection(SolutionProperties) = preSolution
		HideSolutionNode = FALSE
	EndGlobalSection
EndGlobal
